PODS:
  - FBSnapshotTestCase (2.1.4):
    - FBSnapshotTestCase/SwiftSupport (= 2.1.4)
  - FBSnapshotTestCase/Core (2.1.4)
  - FBSnapshotTestCase/SwiftSupport (2.1.4):
    - FBSnapshotTestCase/Core
  - XYPageMaster (0.1.0)

DEPENDENCIES:
  - FBSnapshotTestCase
  - XYPageMaster (from `../`)

SPEC REPOS:
  https://github.com/cocoapods/specs.git:
    - FBSnapshotTestCase

EXTERNAL SOURCES:
  XYPageMaster:
    :path: "../"

SPEC CHECKSUMS:
  FBSnapshotTestCase: 094f9f314decbabe373b87cc339bea235a63e07a
  XYPageMaster: f99f950b49ec2f2a305b1524242e9bfa45dc611d

PODFILE CHECKSUM: 26f57291c0748eabf2ea41adf7c1e6c873350bc4

COCOAPODS: 1.5.3
